// !$*UTF8*$!
{
	archiveVersion = 1;
	classes = {
	};
	objectVersion = 56;
	objects = {

/* Begin PBXBuildFile section */
		0E0F8EF52C3D9DBC004F203E /* HeaderView.swift in Sources */ = {isa = PBXBuildFile; fileRef = 0E0F8EF42C3D9DBC004F203E /* HeaderView.swift */; };
		0E0F8EF72C3DA128004F203E /* FuncionarioView.swift in Sources */ = {isa = PBXBuildFile; fileRef = 0E0F8EF62C3DA128004F203E /* FuncionarioView.swift */; };
		0E12DF622C6E61CC0020E8C7 /* CadastroView.swift in Sources */ = {isa = PBXBuildFile; fileRef = 0E12DF612C6E61CC0020E8C7 /* CadastroView.swift */; };
		0E12DF642C6E67CE0020E8C7 /* Cadastro.swift in Sources */ = {isa = PBXBuildFile; fileRef = 0E12DF632C6E67CE0020E8C7 /* Cadastro.swift */; };
		0E12DF662C6E7B250020E8C7 /* CadastroViewModel.swift in Sources */ = {isa = PBXBuildFile; fileRef = 0E12DF652C6E7B250020E8C7 /* CadastroViewModel.swift */; };
		0E17A83D2C3582C900DA8A33 /* PinApp.swift in Sources */ = {isa = PBXBuildFile; fileRef = 0E17A83C2C3582C900DA8A33 /* PinApp.swift */; };
		0E17A8412C3582CA00DA8A33 /* Assets.xcassets in Resources */ = {isa = PBXBuildFile; fileRef = 0E17A8402C3582CA00DA8A33 /* Assets.xcassets */; };
		0E17A8442C3582CA00DA8A33 /* Preview Assets.xcassets in Resources */ = {isa = PBXBuildFile; fileRef = 0E17A8432C3582CA00DA8A33 /* Preview Assets.xcassets */; };
		0E17A84E2C3586F400DA8A33 /* Model.swift in Sources */ = {isa = PBXBuildFile; fileRef = 0E17A84D2C3586F400DA8A33 /* Model.swift */; };
		0E17A8502C358BFB00DA8A33 /* AddProblemasView.swift in Sources */ = {isa = PBXBuildFile; fileRef = 0E17A84F2C358BFB00DA8A33 /* AddProblemasView.swift */; };
		0E17A8552C358F0000DA8A33 /* ProblemasLista.swift in Sources */ = {isa = PBXBuildFile; fileRef = 0E17A8542C358F0000DA8A33 /* ProblemasLista.swift */; };
		0E17A8592C35B3EF00DA8A33 /* ViewModel.swift in Sources */ = {isa = PBXBuildFile; fileRef = 0E17A8582C35B3EF00DA8A33 /* ViewModel.swift */; };
		0E3543982C495CC1009FEA57 /* MainView.swift in Sources */ = {isa = PBXBuildFile; fileRef = 0E3543972C495CC1009FEA57 /* MainView.swift */; };
		0E5B48292C403CB5006C3BA2 /* Manager.swift in Sources */ = {isa = PBXBuildFile; fileRef = 0E5B48282C403CB5006C3BA2 /* Manager.swift */; };
		0E6B77102C5BF2F300B1C275 /* FirebaseAnalytics in Frameworks */ = {isa = PBXBuildFile; productRef = 0E6B770F2C5BF2F300B1C275 /* FirebaseAnalytics */; };
		0E6B77122C5BF2F300B1C275 /* FirebaseAnalyticsOnDeviceConversion in Frameworks */ = {isa = PBXBuildFile; productRef = 0E6B77112C5BF2F300B1C275 /* FirebaseAnalyticsOnDeviceConversion */; };
		0E6B77142C5BF2F300B1C275 /* FirebaseAnalyticsWithoutAdIdSupport in Frameworks */ = {isa = PBXBuildFile; productRef = 0E6B77132C5BF2F300B1C275 /* FirebaseAnalyticsWithoutAdIdSupport */; };
		0E6B77162C5BF2F300B1C275 /* FirebaseAppCheck in Frameworks */ = {isa = PBXBuildFile; productRef = 0E6B77152C5BF2F300B1C275 /* FirebaseAppCheck */; };
		0E6B77182C5BF2F300B1C275 /* FirebaseAppDistribution-Beta in Frameworks */ = {isa = PBXBuildFile; productRef = 0E6B77172C5BF2F300B1C275 /* FirebaseAppDistribution-Beta */; };
		0E6B771A2C5BF2F300B1C275 /* FirebaseAuth in Frameworks */ = {isa = PBXBuildFile; productRef = 0E6B77192C5BF2F300B1C275 /* FirebaseAuth */; };
		0E6B771C2C5BF2F300B1C275 /* FirebaseAuthCombine-Community in Frameworks */ = {isa = PBXBuildFile; productRef = 0E6B771B2C5BF2F300B1C275 /* FirebaseAuthCombine-Community */; };
		0E6B771E2C5BF2F300B1C275 /* FirebaseCrashlytics in Frameworks */ = {isa = PBXBuildFile; productRef = 0E6B771D2C5BF2F300B1C275 /* FirebaseCrashlytics */; };
		0E6B77202C5BF2F300B1C275 /* FirebaseDatabase in Frameworks */ = {isa = PBXBuildFile; productRef = 0E6B771F2C5BF2F300B1C275 /* FirebaseDatabase */; };
		0E6B77222C5BF2F300B1C275 /* FirebaseDynamicLinks in Frameworks */ = {isa = PBXBuildFile; productRef = 0E6B77212C5BF2F300B1C275 /* FirebaseDynamicLinks */; };
		0E6B77242C5BF2F300B1C275 /* FirebaseFirestore in Frameworks */ = {isa = PBXBuildFile; productRef = 0E6B77232C5BF2F300B1C275 /* FirebaseFirestore */; };
		0E6B77262C5BF2F300B1C275 /* FirebaseFirestoreCombine-Community in Frameworks */ = {isa = PBXBuildFile; productRef = 0E6B77252C5BF2F300B1C275 /* FirebaseFirestoreCombine-Community */; };
		0E6B77282C5BF2F300B1C275 /* FirebaseFunctions in Frameworks */ = {isa = PBXBuildFile; productRef = 0E6B77272C5BF2F300B1C275 /* FirebaseFunctions */; };
		0E6B772A2C5BF2F300B1C275 /* FirebaseFunctionsCombine-Community in Frameworks */ = {isa = PBXBuildFile; productRef = 0E6B77292C5BF2F300B1C275 /* FirebaseFunctionsCombine-Community */; };
		0E6B772C2C5BF2F300B1C275 /* FirebaseInAppMessaging-Beta in Frameworks */ = {isa = PBXBuildFile; productRef = 0E6B772B2C5BF2F300B1C275 /* FirebaseInAppMessaging-Beta */; };
		0E6B772E2C5BF2F400B1C275 /* FirebaseInstallations in Frameworks */ = {isa = PBXBuildFile; productRef = 0E6B772D2C5BF2F300B1C275 /* FirebaseInstallations */; };
		0E6B77302C5BF2F400B1C275 /* FirebaseMLModelDownloader in Frameworks */ = {isa = PBXBuildFile; productRef = 0E6B772F2C5BF2F400B1C275 /* FirebaseMLModelDownloader */; };
		0E6B77322C5BF2F400B1C275 /* FirebaseMessaging in Frameworks */ = {isa = PBXBuildFile; productRef = 0E6B77312C5BF2F400B1C275 /* FirebaseMessaging */; };
		0E6B77342C5BF2F400B1C275 /* FirebasePerformance in Frameworks */ = {isa = PBXBuildFile; productRef = 0E6B77332C5BF2F400B1C275 /* FirebasePerformance */; };
		0E6B77362C5BF2F400B1C275 /* FirebaseRemoteConfig in Frameworks */ = {isa = PBXBuildFile; productRef = 0E6B77352C5BF2F400B1C275 /* FirebaseRemoteConfig */; };
		0E6B77382C5BF2F400B1C275 /* FirebaseStorage in Frameworks */ = {isa = PBXBuildFile; productRef = 0E6B77372C5BF2F400B1C275 /* FirebaseStorage */; };
		0E6B773A2C5BF2F400B1C275 /* FirebaseStorageCombine-Community in Frameworks */ = {isa = PBXBuildFile; productRef = 0E6B77392C5BF2F400B1C275 /* FirebaseStorageCombine-Community */; };
		0E6B773C2C5BF2F400B1C275 /* FirebaseVertexAI-Preview in Frameworks */ = {isa = PBXBuildFile; productRef = 0E6B773B2C5BF2F400B1C275 /* FirebaseVertexAI-Preview */; };
		0E6BF5522C5954A300105E36 /* GoogleService-Info.plist in Resources */ = {isa = PBXBuildFile; fileRef = 0E6BF5512C5954A300105E36 /* GoogleService-Info.plist */; };
		0E7436DA2C5660F5003E9A83 /* ButtonView.swift in Sources */ = {isa = PBXBuildFile; fileRef = 0E7436D92C5660F5003E9A83 /* ButtonView.swift */; };
		0E86CC992C35BCAD00091C67 /* dados.json in Resources */ = {isa = PBXBuildFile; fileRef = 0E17A8572C35AF5000DA8A33 /* dados.json */; };
		0E86CC9A2C35BCDB00091C67 /* dados.json in Sources */ = {isa = PBXBuildFile; fileRef = 0E17A8572C35AF5000DA8A33 /* dados.json */; };
		0E8850982C46D34C00DEDAFA /* LoginView.swift in Sources */ = {isa = PBXBuildFile; fileRef = 0E8850972C46D34C00DEDAFA /* LoginView.swift */; };
		0E88509A2C46D6DF00DEDAFA /* Usuario.swift in Sources */ = {isa = PBXBuildFile; fileRef = 0E8850992C46D6DF00DEDAFA /* Usuario.swift */; };
		0E8CA84F2C5D43E5002B5E30 /* User.swift in Sources */ = {isa = PBXBuildFile; fileRef = 0E8CA84E2C5D43E5002B5E30 /* User.swift */; };
		0E8CA8522C5D444E002B5E30 /* UserRepository.swift in Sources */ = {isa = PBXBuildFile; fileRef = 0E8CA8512C5D444E002B5E30 /* UserRepository.swift */; };
		0E8CA8552C5D458B002B5E30 /* LoginUseCase.swift in Sources */ = {isa = PBXBuildFile; fileRef = 0E8CA8542C5D458B002B5E30 /* LoginUseCase.swift */; };
		0E8CA8582C5D4799002B5E30 /* FirebaseUserRepository.swift in Sources */ = {isa = PBXBuildFile; fileRef = 0E8CA8572C5D4799002B5E30 /* FirebaseUserRepository.swift */; };
		0E8CA85A2C5D495C002B5E30 /* LoginViewModel.swift in Sources */ = {isa = PBXBuildFile; fileRef = 0E8CA8592C5D495C002B5E30 /* LoginViewModel.swift */; };
		0EBD888A2C652AA400C5D53D /* String+Extension.swift in Sources */ = {isa = PBXBuildFile; fileRef = 0EBD88892C652AA400C5D53D /* String+Extension.swift */; };
		0ED551BC2C4E6A5400DF319C /* ColorExtension.swift in Sources */ = {isa = PBXBuildFile; fileRef = 0ED551BB2C4E6A5400DF319C /* ColorExtension.swift */; };
		0ED571B32C4FBC4500D1C733 /* PedidosFeitosView.swift in Sources */ = {isa = PBXBuildFile; fileRef = 0ED571B22C4FBC4500D1C733 /* PedidosFeitosView.swift */; };
		0ED571B52C4FBD2B00D1C733 /* CardPedidosView.swift in Sources */ = {isa = PBXBuildFile; fileRef = 0ED571B42C4FBD2B00D1C733 /* CardPedidosView.swift */; };
		0ED7564A2EDE12EB00DAEE9A /* ListaDeProblemas.swift in Sources */ = {isa = PBXBuildFile; fileRef = 0ED756492EDE12EB00DAEE9A /* ListaDeProblemas.swift */; };
		0ED76DFF2F89325500A4AF2D /* ButtonViewModel.swift in Sources */ = {isa = PBXBuildFile; fileRef = 0ED76DFE2F89325500A4AF2D /* ButtonViewModel.swift */; };
		0EDDCCFF2C62880E0085145A /* NetworkError.swift in Sources */ = {isa = PBXBuildFile; fileRef = 0EDDCCFE2C62880E0085145A /* NetworkError.swift */; };
		0EDDCD012C6288290085145A /* AutenticationError.swift in Sources */ = {isa = PBXBuildFile; fileRef = 0EDDCD002C6288290085145A /* AutenticationError.swift */; };
		0EDDCD032C6288CB0085145A /* AppError.swift in Sources */ = {isa = PBXBuildFile; fileRef = 0EDDCD022C6288CB0085145A /* AppError.swift */; };
		0EF57A192C4ACE4700FDA891 /* problemas.json in Resources */ = {isa = PBXBuildFile; fileRef = 0EF57A182C4ACBE100FDA891 /* problemas.json */; };
/* End PBXBuildFile section */

/* Begin PBXFileReference section */
		0E0F8EF42C3D9DBC004F203E /* HeaderView.swift */ = {isa = PBXFileReference; lastKnownFileType = sourcecode.swift; path = HeaderView.swift; sourceTree = "<group>"; };
		0E0F8EF62C3DA128004F203E /* FuncionarioView.swift */ = {isa = PBXFileReference; lastKnownFileType = sourcecode.swift; path = FuncionarioView.swift; sourceTree = "<group>"; };
		0E12DF612C6E61CC0020E8C7 /* CadastroView.swift */ = {isa = PBXFileReference; lastKnownFileType = sourcecode.swift; path = CadastroView.swift; sourceTree = "<group>"; };
		0E12DF632C6E67CE0020E8C7 /* Cadastro.swift */ = {isa = PBXFileReference; lastKnownFileType = sourcecode.swift; path = Cadastro.swift; sourceTree = "<group>"; };
		0E12DF652C6E7B250020E8C7 /* CadastroViewModel.swift */ = {isa = PBXFileReference; lastKnownFileType = sourcecode.swift; path = CadastroViewModel.swift; sourceTree = "<group>"; };
		0E17A8392C3582C900DA8A33 /* Pin.app */ = {isa = PBXFileReference; explicitFileType = wrapper.application; includeInIndex = 0; path = Pin.app; sourceTree = BUILT_PRODUCTS_DIR; };
		0E17A83C2C3582C900DA8A33 /* PinApp.swift */ = {isa = PBXFileReference; lastKnownFileType = sourcecode.swift; path = PinApp.swift; sourceTree = "<group>"; };
		0E17A8402C3582CA00DA8A33 /* Assets.xcassets */ = {isa = PBXFileReference; lastKnownFileType = folder.assetcatalog; path = Assets.xcassets; sourceTree = "<group>"; };
		0E17A8432C3582CA00DA8A33 /* Preview Assets.xcassets */ = {isa = PBXFileReference; lastKnownFileType = folder.assetcatalog; path = "Preview Assets.xcassets"; sourceTree = "<group>"; };
		0E17A84D2C3586F400DA8A33 /* Model.swift */ = {isa = PBXFileReference; lastKnownFileType = sourcecode.swift; path = Model.swift; sourceTree = "<group>"; };
		0E17A84F2C358BFB00DA8A33 /* AddProblemasView.swift */ = {isa = PBXFileReference; lastKnownFileType = sourcecode.swift; path = AddProblemasView.swift; sourceTree = "<group>"; };
		0E17A8542C358F0000DA8A33 /* ProblemasLista.swift */ = {isa = PBXFileReference; lastKnownFileType = sourcecode.swift; path = ProblemasLista.swift; sourceTree = "<group>"; };
		0E17A8572C35AF5000DA8A33 /* dados.json */ = {isa = PBXFileReference; lastKnownFileType = text.json; path = dados.json; sourceTree = "<group>"; };
		0E17A8582C35B3EF00DA8A33 /* ViewModel.swift */ = {isa = PBXFileReference; lastKnownFileType = sourcecode.swift; path = ViewModel.swift; sourceTree = "<group>"; };
		0E3543972C495CC1009FEA57 /* MainView.swift */ = {isa = PBXFileReference; lastKnownFileType = sourcecode.swift; path = MainView.swift; sourceTree = "<group>"; };
		0E5B48282C403CB5006C3BA2 /* Manager.swift */ = {isa = PBXFileReference; lastKnownFileType = sourcecode.swift; path = Manager.swift; sourceTree = "<group>"; };
		0E6BF5512C5954A300105E36 /* GoogleService-Info.plist */ = {isa = PBXFileReference; lastKnownFileType = text.plist; path = "GoogleService-Info.plist"; sourceTree = SOURCE_ROOT; };
		0E7436D92C5660F5003E9A83 /* ButtonView.swift */ = {isa = PBXFileReference; lastKnownFileType = sourcecode.swift; path = ButtonView.swift; sourceTree = "<group>"; };
		0E8850972C46D34C00DEDAFA /* LoginView.swift */ = {isa = PBXFileReference; lastKnownFileType = sourcecode.swift; path = LoginView.swift; sourceTree = "<group>"; };
		0E8850992C46D6DF00DEDAFA /* Usuario.swift */ = {isa = PBXFileReference; lastKnownFileType = sourcecode.swift; path = Usuario.swift; sourceTree = "<group>"; };
		0E8CA84E2C5D43E5002B5E30 /* User.swift */ = {isa = PBXFileReference; lastKnownFileType = sourcecode.swift; path = User.swift; sourceTree = "<group>"; };
		0E8CA8512C5D444E002B5E30 /* UserRepository.swift */ = {isa = PBXFileReference; lastKnownFileType = sourcecode.swift; path = UserRepository.swift; sourceTree = "<group>"; };
		0E8CA8542C5D458B002B5E30 /* LoginUseCase.swift */ = {isa = PBXFileReference; lastKnownFileType = sourcecode.swift; path = LoginUseCase.swift; sourceTree = "<group>"; };
		0E8CA8572C5D4799002B5E30 /* FirebaseUserRepository.swift */ = {isa = PBXFileReference; lastKnownFileType = sourcecode.swift; path = FirebaseUserRepository.swift; sourceTree = "<group>"; };
		0E8CA8592C5D495C002B5E30 /* LoginViewModel.swift */ = {isa = PBXFileReference; lastKnownFileType = sourcecode.swift; path = LoginViewModel.swift; sourceTree = "<group>"; };
		0EBD88892C652AA400C5D53D /* String+Extension.swift */ = {isa = PBXFileReference; lastKnownFileType = sourcecode.swift; path = "String+Extension.swift"; sourceTree = "<group>"; };
		0ED551BB2C4E6A5400DF319C /* ColorExtension.swift */ = {isa = PBXFileReference; lastKnownFileType = sourcecode.swift; path = ColorExtension.swift; sourceTree = "<group>"; };
		0ED571B22C4FBC4500D1C733 /* PedidosFeitosView.swift */ = {isa = PBXFileReference; lastKnownFileType = sourcecode.swift; path = PedidosFeitosView.swift; sourceTree = "<group>"; };
		0ED571B42C4FBD2B00D1C733 /* CardPedidosView.swift */ = {isa = PBXFileReference; lastKnownFileType = sourcecode.swift; path = CardPedidosView.swift; sourceTree = "<group>"; };
		0ED756492EDE12EB00DAEE9A /* ListaDeProblemas.swift */ = {isa = PBXFileReference; lastKnownFileType = sourcecode.swift; path = ListaDeProblemas.swift; sourceTree = "<group>"; };
		0ED76DFE2F89325500A4AF2D /* ButtonViewModel.swift */ = {isa = PBXFileReference; lastKnownFileType = sourcecode.swift; path = ButtonViewModel.swift; sourceTree = "<group>"; };
		0EDDCCFE2C62880E0085145A /* NetworkError.swift */ = {isa = PBXFileReference; lastKnownFileType = sourcecode.swift; path = NetworkError.swift; sourceTree = "<group>"; };
		0EDDCD002C6288290085145A /* AutenticationError.swift */ = {isa = PBXFileReference; lastKnownFileType = sourcecode.swift; path = AutenticationError.swift; sourceTree = "<group>"; };
		0EDDCD022C6288CB0085145A /* AppError.swift */ = {isa = PBXFileReference; lastKnownFileType = sourcecode.swift; path = AppError.swift; sourceTree = "<group>"; };
		0EF57A182C4ACBE100FDA891 /* problemas.json */ = {isa = PBXFileReference; lastKnownFileType = text.json; path = problemas.json; sourceTree = "<group>"; };
/* End PBXFileReference section */

/* Begin PBXFrameworksBuildPhase section */
		0E17A8362C3582C900DA8A33 /* Frameworks */ = {
			isa = PBXFrameworksBuildPhase;
			buildActionMask = 2147483647;
			files = (
				0E6B773A2C5BF2F400B1C275 /* FirebaseStorageCombine-Community in Frameworks */,
				0E6B77322C5BF2F400B1C275 /* FirebaseMessaging in Frameworks */,
				0E6B77302C5BF2F400B1C275 /* FirebaseMLModelDownloader in Frameworks */,
				0E6B77162C5BF2F300B1C275 /* FirebaseAppCheck in Frameworks */,
				0E6B771A2C5BF2F300B1C275 /* FirebaseAuth in Frameworks */,
				0E6B77102C5BF2F300B1C275 /* FirebaseAnalytics in Frameworks */,
				0E6B77182C5BF2F300B1C275 /* FirebaseAppDistribution-Beta in Frameworks */,
				0E6B77142C5BF2F300B1C275 /* FirebaseAnalyticsWithoutAdIdSupport in Frameworks */,
				0E6B771E2C5BF2F300B1C275 /* FirebaseCrashlytics in Frameworks */,
				0E6B77202C5BF2F300B1C275 /* FirebaseDatabase in Frameworks */,
				0E6B772A2C5BF2F300B1C275 /* FirebaseFunctionsCombine-Community in Frameworks */,
				0E6B771C2C5BF2F300B1C275 /* FirebaseAuthCombine-Community in Frameworks */,
				0E6B77382C5BF2F400B1C275 /* FirebaseStorage in Frameworks */,
				0E6B77122C5BF2F300B1C275 /* FirebaseAnalyticsOnDeviceConversion in Frameworks */,
				0E6B77282C5BF2F300B1C275 /* FirebaseFunctions in Frameworks */,
				0E6B772E2C5BF2F400B1C275 /* FirebaseInstallations in Frameworks */,
				0E6B77342C5BF2F400B1C275 /* FirebasePerformance in Frameworks */,
				0E6B77262C5BF2F300B1C275 /* FirebaseFirestoreCombine-Community in Frameworks */,
				0E6B77242C5BF2F300B1C275 /* FirebaseFirestore in Frameworks */,
				0E6B77222C5BF2F300B1C275 /* FirebaseDynamicLinks in Frameworks */,
				0E6B772C2C5BF2F300B1C275 /* FirebaseInAppMessaging-Beta in Frameworks */,
				0E6B773C2C5BF2F400B1C275 /* FirebaseVertexAI-Preview in Frameworks */,
				0E6B77362C5BF2F400B1C275 /* FirebaseRemoteConfig in Frameworks */,
			);
			runOnlyForDeploymentPostprocessing = 0;
		};
/* End PBXFrameworksBuildPhase section */

/* Begin PBXGroup section */
		0E17A8302C3582C900DA8A33 = {
			isa = PBXGroup;
			children = (
				0E17A83B2C3582C900DA8A33 /* Pin */,
				0E17A83A2C3582C900DA8A33 /* Products */,
			);
			sourceTree = "<group>";
		};
		0E17A83A2C3582C900DA8A33 /* Products */ = {
			isa = PBXGroup;
			children = (
				0E17A8392C3582C900DA8A33 /* Pin.app */,
			);
			name = Products;
			sourceTree = "<group>";
		};
		0E17A83B2C3582C900DA8A33 /* Pin */ = {
			isa = PBXGroup;
			children = (
				0ED551BD2C4E6A7A00DF319C /* Comum */,
				0EDDCCFD2C6287D40085145A /* Exceptions */,
				0E8CA8492C5D431A002B5E30 /* Login */,
				0E6BF5512C5954A300105E36 /* GoogleService-Info.plist */,
				0E5B48272C403CAA006C3BA2 /* Data */,
				0EA991452C3FC64C008AAE3B /* Service  */,
				0EA991402C3FC50A008AAE3B /* Ui */,
				0E3543972C495CC1009FEA57 /* MainView.swift */,
				0E17A8422C3582CA00DA8A33 /* Preview Content */,
			);
			path = Pin;
			sourceTree = "<group>";
		};
		0E17A8422C3582CA00DA8A33 /* Preview Content */ = {
			isa = PBXGroup;
			children = (
				0E17A83C2C3582C900DA8A33 /* PinApp.swift */,
				0E17A8582C35B3EF00DA8A33 /* ViewModel.swift */,
				0E17A8402C3582CA00DA8A33 /* Assets.xcassets */,
				0E17A8432C3582CA00DA8A33 /* Preview Assets.xcassets */,
			);
			path = "Preview Content";
			sourceTree = "<group>";
		};
		0E5B48272C403CAA006C3BA2 /* Data */ = {
			isa = PBXGroup;
			children = (
				0E5B48282C403CB5006C3BA2 /* Manager.swift */,
				0E8850992C46D6DF00DEDAFA /* Usuario.swift */,
			);
			path = Data;
			sourceTree = "<group>";
		};
		0E7436D82C5660E5003E9A83 /* Button */ = {
			isa = PBXGroup;
			children = (
				0E7436D92C5660F5003E9A83 /* ButtonView.swift */,
				0ED76DFE2F89325500A4AF2D /* ButtonViewModel.swift */,
			);
			path = Button;
			sourceTree = "<group>";
		};
		0E8CA8492C5D431A002B5E30 /* Login */ = {
			isa = PBXGroup;
			children = (
				0E8CA8502C5D442F002B5E30 /* Data */,
				0E8CA84C2C5D4370002B5E30 /* Domain */,
				0E8CA84A2C5D432F002B5E30 /* Ui */,
				0E12DF612C6E61CC0020E8C7 /* CadastroView.swift */,
				0E12DF652C6E7B250020E8C7 /* CadastroViewModel.swift */,
			);
			path = Login;
			sourceTree = "<group>";
		};
		0E8CA84A2C5D432F002B5E30 /* Ui */ = {
			isa = PBXGroup;
			children = (
				0E8850972C46D34C00DEDAFA /* LoginView.swift */,
				0E8CA8592C5D495C002B5E30 /* LoginViewModel.swift */,
			);
			path = Ui;
			sourceTree = "<group>";
		};
		0E8CA84C2C5D4370002B5E30 /* Domain */ = {
			isa = PBXGroup;
			children = (
				0E8CA8532C5D4569002B5E30 /* UseCase */,
				0E8CA84D2C5D4394002B5E30 /* Entity */,
			);
			path = Domain;
			sourceTree = "<group>";
		};
		0E8CA84D2C5D4394002B5E30 /* Entity */ = {
			isa = PBXGroup;
			children = (
				0E8CA84E2C5D43E5002B5E30 /* User.swift */,
				0E12DF632C6E67CE0020E8C7 /* Cadastro.swift */,
			);
			path = Entity;
			sourceTree = "<group>";
		};
		0E8CA8502C5D442F002B5E30 /* Data */ = {
			isa = PBXGroup;
			children = (
				0E8CA8562C5D476C002B5E30 /* Repository */,
			);
			path = Data;
			sourceTree = "<group>";
		};
		0E8CA8532C5D4569002B5E30 /* UseCase */ = {
			isa = PBXGroup;
			children = (
				0E8CA8542C5D458B002B5E30 /* LoginUseCase.swift */,
			);
			path = UseCase;
			sourceTree = "<group>";
		};
		0E8CA8562C5D476C002B5E30 /* Repository */ = {
			isa = PBXGroup;
			children = (
				0E8CA8512C5D444E002B5E30 /* UserRepository.swift */,
				0E8CA8572C5D4799002B5E30 /* FirebaseUserRepository.swift */,
			);
			path = Repository;
			sourceTree = "<group>";
		};
		0EA991402C3FC50A008AAE3B /* Ui */ = {
			isa = PBXGroup;
			children = (
				0EA991422C3FC5C4008AAE3B /* Header */,
				0EA991432C3FC5E4008AAE3B /* Funcionario  */,
				0EA991412C3FC5AF008AAE3B /* ProblemasBike */,
				0E7436D82C5660E5003E9A83 /* Button */,
				0EA991442C3FC5F4008AAE3B /* LoadPage */,
			);
			path = Ui;
			sourceTree = "<group>";
		};
		0EA991412C3FC5AF008AAE3B /* ProblemasBike */ = {
			isa = PBXGroup;
			children = (
				0E17A84F2C358BFB00DA8A33 /* AddProblemasView.swift */,
				0E17A8542C358F0000DA8A33 /* ProblemasLista.swift */,
				0ED756492EDE12EB00DAEE9A /* ListaDeProblemas.swift */,
			);
			path = ProblemasBike;
			sourceTree = "<group>";
		};
		0EA991422C3FC5C4008AAE3B /* Header */ = {
			isa = PBXGroup;
			children = (
				0E0F8EF42C3D9DBC004F203E /* HeaderView.swift */,
			);
			path = Header;
			sourceTree = "<group>";
		};
		0EA991432C3FC5E4008AAE3B /* Funcionario  */ = {
			isa = PBXGroup;
			children = (
				0E0F8EF62C3DA128004F203E /* FuncionarioView.swift */,
			);
			path = "Funcionario ";
			sourceTree = "<group>";
		};
		0EA991442C3FC5F4008AAE3B /* LoadPage */ = {
			isa = PBXGroup;
			children = (
				0ED571B42C4FBD2B00D1C733 /* CardPedidosView.swift */,
				0ED571B22C4FBC4500D1C733 /* PedidosFeitosView.swift */,
			);
			path = LoadPage;
			sourceTree = "<group>";
		};
		0EA991452C3FC64C008AAE3B /* Service  */ = {
			isa = PBXGroup;
			children = (
				0EA991472C3FC672008AAE3B /* JSON */,
				0EA991462C3FC662008AAE3B /* Model */,
			);
			path = "Service ";
			sourceTree = "<group>";
		};
		0EA991462C3FC662008AAE3B /* Model */ = {
			isa = PBXGroup;
			children = (
				0E17A84D2C3586F400DA8A33 /* Model.swift */,
			);
			path = Model;
			sourceTree = "<group>";
		};
		0EA991472C3FC672008AAE3B /* JSON */ = {
			isa = PBXGroup;
			children = (
				0E17A8572C35AF5000DA8A33 /* dados.json */,
				0EF57A182C4ACBE100FDA891 /* problemas.json */,
			);
			path = JSON;
			sourceTree = "<group>";
		};
		0EBD88872C652A7E00C5D53D /* Extension  */ = {
			isa = PBXGroup;
			children = (
				0EBD88892C652AA400C5D53D /* String+Extension.swift */,
			);
			path = "Extension ";
			sourceTree = "<group>";
		};
		0ED551BD2C4E6A7A00DF319C /* Comum */ = {
			isa = PBXGroup;
			children = (
				0EBD88872C652A7E00C5D53D /* Extension  */,
				0ED551BE2C4E6A8800DF319C /* Color */,
			);
			path = Comum;
			sourceTree = "<group>";
		};
		0ED551BE2C4E6A8800DF319C /* Color */ = {
			isa = PBXGroup;
			children = (
				0ED551BB2C4E6A5400DF319C /* ColorExtension.swift */,
			);
			path = Color;
			sourceTree = "<group>";
		};
		0EDDCCFD2C6287D40085145A /* Exceptions */ = {
			isa = PBXGroup;
			children = (
				0EDDCCFE2C62880E0085145A /* NetworkError.swift */,
				0EDDCD002C6288290085145A /* AutenticationError.swift */,
				0EDDCD022C6288CB0085145A /* AppError.swift */,
			);
			path = Exceptions;
			sourceTree = "<group>";
		};
/* End PBXGroup section */

/* Begin PBXNativeTarget section */
		0E17A8382C3582C900DA8A33 /* Pin */ = {
			isa = PBXNativeTarget;
			buildConfigurationList = 0E17A8472C3582CA00DA8A33 /* Build configuration list for PBXNativeTarget "Pin" */;
			buildPhases = (
				0E17A8352C3582C900DA8A33 /* Sources */,
				0E17A8362C3582C900DA8A33 /* Frameworks */,
				0E17A8372C3582C900DA8A33 /* Resources */,
			);
			buildRules = (
			);
			dependencies = (
			);
			name = Pin;
			packageProductDependencies = (
				0E6B770F2C5BF2F300B1C275 /* FirebaseAnalytics */,
				0E6B77112C5BF2F300B1C275 /* FirebaseAnalyticsOnDeviceConversion */,
				0E6B77132C5BF2F300B1C275 /* FirebaseAnalyticsWithoutAdIdSupport */,
				0E6B77152C5BF2F300B1C275 /* FirebaseAppCheck */,
				0E6B77172C5BF2F300B1C275 /* FirebaseAppDistribution-Beta */,
				0E6B77192C5BF2F300B1C275 /* FirebaseAuth */,
				0E6B771B2C5BF2F300B1C275 /* FirebaseAuthCombine-Community */,
				0E6B771D2C5BF2F300B1C275 /* FirebaseCrashlytics */,
				0E6B771F2C5BF2F300B1C275 /* FirebaseDatabase */,
				0E6B77212C5BF2F300B1C275 /* FirebaseDynamicLinks */,
				0E6B77232C5BF2F300B1C275 /* FirebaseFirestore */,
				0E6B77252C5BF2F300B1C275 /* FirebaseFirestoreCombine-Community */,
				0E6B77272C5BF2F300B1C275 /* FirebaseFunctions */,
				0E6B77292C5BF2F300B1C275 /* FirebaseFunctionsCombine-Community */,
				0E6B772B2C5BF2F300B1C275 /* FirebaseInAppMessaging-Beta */,
				0E6B772D2C5BF2F300B1C275 /* FirebaseInstallations */,
				0E6B772F2C5BF2F400B1C275 /* FirebaseMLModelDownloader */,
				0E6B77312C5BF2F400B1C275 /* FirebaseMessaging */,
				0E6B77332C5BF2F400B1C275 /* FirebasePerformance */,
				0E6B77352C5BF2F400B1C275 /* FirebaseRemoteConfig */,
				0E6B77372C5BF2F400B1C275 /* FirebaseStorage */,
				0E6B77392C5BF2F400B1C275 /* FirebaseStorageCombine-Community */,
				0E6B773B2C5BF2F400B1C275 /* FirebaseVertexAI-Preview */,
			);
			productName = Pin;
			productReference = 0E17A8392C3582C900DA8A33 /* Pin.app */;
			productType = "com.apple.product-type.application";
		};
/* End PBXNativeTarget section */

/* Begin PBXProject section */
		0E17A8312C3582C900DA8A33 /* Project object */ = {
			isa = PBXProject;
			attributes = {
				BuildIndependentTargetsInParallel = 1;
				LastSwiftUpdateCheck = 1500;
				LastUpgradeCheck = 1500;
				TargetAttributes = {
					0E17A8382C3582C900DA8A33 = {
						CreatedOnToolsVersion = 15.0.1;
					};
				};
			};
			buildConfigurationList = 0E17A8342C3582C900DA8A33 /* Build configuration list for PBXProject "Pin" */;
			compatibilityVersion = "Xcode 14.0";
			developmentRegion = en;
			hasScannedForEncodings = 0;
			knownRegions = (
				en,
				Base,
			);
			mainGroup = 0E17A8302C3582C900DA8A33;
			packageReferences = (
				0E6B770E2C5BF2F300B1C275 /* XCRemoteSwiftPackageReference "firebase-ios-sdk" */,
			);
			productRefGroup = 0E17A83A2C3582C900DA8A33 /* Products */;
			projectDirPath = "";
			projectRoot = "";
			targets = (
				0E17A8382C3582C900DA8A33 /* Pin */,
			);
		};
/* End PBXProject section */

/* Begin PBXResourcesBuildPhase section */
		0E17A8372C3582C900DA8A33 /* Resources */ = {
			isa = PBXResourcesBuildPhase;
			buildActionMask = 2147483647;
			files = (
				0E86CC992C35BCAD00091C67 /* dados.json in Resources */,
				0E17A8442C3582CA00DA8A33 /* Preview Assets.xcassets in Resources */,
				0E6BF5522C5954A300105E36 /* GoogleService-Info.plist in Resources */,
				0E17A8412C3582CA00DA8A33 /* Assets.xcassets in Resources */,
				0EF57A192C4ACE4700FDA891 /* problemas.json in Resources */,
			);
			runOnlyForDeploymentPostprocessing = 0;
		};
/* End PBXResourcesBuildPhase section */

/* Begin PBXSourcesBuildPhase section */
		0E17A8352C3582C900DA8A33 /* Sources */ = {
			isa = PBXSourcesBuildPhase;
			buildActionMask = 2147483647;
			files = (
				0E3543982C495CC1009FEA57 /* MainView.swift in Sources */,
				0E12DF622C6E61CC0020E8C7 /* CadastroView.swift in Sources */,
				0E86CC9A2C35BCDB00091C67 /* dados.json in Sources */,
				0E7436DA2C5660F5003E9A83 /* ButtonView.swift in Sources */,
				0ED571B32C4FBC4500D1C733 /* PedidosFeitosView.swift in Sources */,
				0E88509A2C46D6DF00DEDAFA /* Usuario.swift in Sources */,
				0ED76DFF2F89325500A4AF2D /* ButtonViewModel.swift in Sources */,
				0E12DF642C6E67CE0020E8C7 /* Cadastro.swift in Sources */,
				0E17A84E2C3586F400DA8A33 /* Model.swift in Sources */,
				0ED571B52C4FBD2B00D1C733 /* CardPedidosView.swift in Sources */,
				0E8CA8582C5D4799002B5E30 /* FirebaseUserRepository.swift in Sources */,
				0EBD888A2C652AA400C5D53D /* String+Extension.swift in Sources */,
				0E8CA84F2C5D43E5002B5E30 /* User.swift in Sources */,
				0EDDCCFF2C62880E0085145A /* NetworkError.swift in Sources */,
				0E8850982C46D34C00DEDAFA /* LoginView.swift in Sources */,
				0ED551BC2C4E6A5400DF319C /* ColorExtension.swift in Sources */,
				0E8CA8552C5D458B002B5E30 /* LoginUseCase.swift in Sources */,
				0E0F8EF72C3DA128004F203E /* FuncionarioView.swift in Sources */,
				0E17A8552C358F0000DA8A33 /* ProblemasLista.swift in Sources */,
				0E17A8502C358BFB00DA8A33 /* AddProblemasView.swift in Sources */,
				0E17A8592C35B3EF00DA8A33 /* ViewModel.swift in Sources */,
				0E8CA8522C5D444E002B5E30 /* UserRepository.swift in Sources */,
				0EDDCD012C6288290085145A /* AutenticationError.swift in Sources */,
				0E5B48292C403CB5006C3BA2 /* Manager.swift in Sources */,
				0ED7564A2EDE12EB00DAEE9A /* ListaDeProblemas.swift in Sources */,
				0E12DF662C6E7B250020E8C7 /* CadastroViewModel.swift in Sources */,
				0EDDCD032C6288CB0085145A /* AppError.swift in Sources */,
				0E17A83D2C3582C900DA8A33 /* PinApp.swift in Sources */,
				0E0F8EF52C3D9DBC004F203E /* HeaderView.swift in Sources */,
				0E8CA85A2C5D495C002B5E30 /* LoginViewModel.swift in Sources */,
			);
			runOnlyForDeploymentPostprocessing = 0;
		};
/* End PBXSourcesBuildPhase section */

/* Begin XCBuildConfiguration section */
		0E17A8452C3582CA00DA8A33 /* Debug */ = {
			isa = XCBuildConfiguration;
			buildSettings = {
				ALWAYS_SEARCH_USER_PATHS = NO;
				ASSETCATALOG_COMPILER_GENERATE_SWIFT_ASSET_SYMBOL_EXTENSIONS = YES;
				CLANG_ANALYZER_NONNULL = YES;
				CLANG_ANALYZER_NUMBER_OBJECT_CONVERSION = YES_AGGRESSIVE;
				CLANG_CXX_LANGUAGE_STANDARD = "gnu++20";
				CLANG_ENABLE_MODULES = YES;
				CLANG_ENABLE_OBJC_ARC = YES;
				CLANG_ENABLE_OBJC_WEAK = YES;
				CLANG_WARN_BLOCK_CAPTURE_AUTORELEASING = YES;
				CLANG_WARN_BOOL_CONVERSION = YES;
				CLANG_WARN_COMMA = YES;
				CLANG_WARN_CONSTANT_CONVERSION = YES;
				CLANG_WARN_DEPRECATED_OBJC_IMPLEMENTATIONS = YES;
				CLANG_WARN_DIRECT_OBJC_ISA_USAGE = YES_ERROR;
				CLANG_WARN_DOCUMENTATION_COMMENTS = YES;
				CLANG_WARN_EMPTY_BODY = YES;
				CLANG_WARN_ENUM_CONVERSION = YES;
				CLANG_WARN_INFINITE_RECURSION = YES;
				CLANG_WARN_INT_CONVERSION = YES;
				CLANG_WARN_NON_LITERAL_NULL_CONVERSION = YES;
				CLANG_WARN_OBJC_IMPLICIT_RETAIN_SELF = YES;
				CLANG_WARN_OBJC_LITERAL_CONVERSION = YES;
				CLANG_WARN_OBJC_ROOT_CLASS = YES_ERROR;
				CLANG_WARN_QUOTED_INCLUDE_IN_FRAMEWORK_HEADER = YES;
				CLANG_WARN_RANGE_LOOP_ANALYSIS = YES;
				CLANG_WARN_STRICT_PROTOTYPES = YES;
				CLANG_WARN_SUSPICIOUS_MOVE = YES;
				CLANG_WARN_UNGUARDED_AVAILABILITY = YES_AGGRESSIVE;
				CLANG_WARN_UNREACHABLE_CODE = YES;
				CLANG_WARN__DUPLICATE_METHOD_MATCH = YES;
				COPY_PHASE_STRIP = NO;
				DEBUG_INFORMATION_FORMAT = dwarf;
				ENABLE_STRICT_OBJC_MSGSEND = YES;
				ENABLE_TESTABILITY = YES;
				ENABLE_USER_SCRIPT_SANDBOXING = YES;
				GCC_C_LANGUAGE_STANDARD = gnu17;
				GCC_DYNAMIC_NO_PIC = NO;
				GCC_NO_COMMON_BLOCKS = YES;
				GCC_OPTIMIZATION_LEVEL = 0;
				GCC_PREPROCESSOR_DEFINITIONS = (
					"DEBUG=1",
					"$(inherited)",
				);
				GCC_WARN_64_TO_32_BIT_CONVERSION = YES;
				GCC_WARN_ABOUT_RETURN_TYPE = YES_ERROR;
				GCC_WARN_UNDECLARED_SELECTOR = YES;
				GCC_WARN_UNINITIALIZED_AUTOS = YES_AGGRESSIVE;
				GCC_WARN_UNUSED_FUNCTION = YES;
				GCC_WARN_UNUSED_VARIABLE = YES;
				IPHONEOS_DEPLOYMENT_TARGET = 17.0;
				LOCALIZATION_PREFERS_STRING_CATALOGS = YES;
				MTL_ENABLE_DEBUG_INFO = INCLUDE_SOURCE;
				MTL_FAST_MATH = YES;
				ONLY_ACTIVE_ARCH = YES;
				SDKROOT = iphoneos;
				SWIFT_ACTIVE_COMPILATION_CONDITIONS = "DEBUG $(inherited)";
				SWIFT_OPTIMIZATION_LEVEL = "-Onone";
			};
			name = Debug;
		};
		0E17A8462C3582CA00DA8A33 /* Release */ = {
			isa = XCBuildConfiguration;
			buildSettings = {
				ALWAYS_SEARCH_USER_PATHS = NO;
				ASSETCATALOG_COMPILER_GENERATE_SWIFT_ASSET_SYMBOL_EXTENSIONS = YES;
				CLANG_ANALYZER_NONNULL = YES;
				CLANG_ANALYZER_NUMBER_OBJECT_CONVERSION = YES_AGGRESSIVE;
				CLANG_CXX_LANGUAGE_STANDARD = "gnu++20";
				CLANG_ENABLE_MODULES = YES;
				CLANG_ENABLE_OBJC_ARC = YES;
				CLANG_ENABLE_OBJC_WEAK = YES;
				CLANG_WARN_BLOCK_CAPTURE_AUTORELEASING = YES;
				CLANG_WARN_BOOL_CONVERSION = YES;
				CLANG_WARN_COMMA = YES;
				CLANG_WARN_CONSTANT_CONVERSION = YES;
				CLANG_WARN_DEPRECATED_OBJC_IMPLEMENTATIONS = YES;
				CLANG_WARN_DIRECT_OBJC_ISA_USAGE = YES_ERROR;
				CLANG_WARN_DOCUMENTATION_COMMENTS = YES;
				CLANG_WARN_EMPTY_BODY = YES;
				CLANG_WARN_ENUM_CONVERSION = YES;
				CLANG_WARN_INFINITE_RECURSION = YES;
				CLANG_WARN_INT_CONVERSION = YES;
				CLANG_WARN_NON_LITERAL_NULL_CONVERSION = YES;
				CLANG_WARN_OBJC_IMPLICIT_RETAIN_SELF = YES;
				CLANG_WARN_OBJC_LITERAL_CONVERSION = YES;
				CLANG_WARN_OBJC_ROOT_CLASS = YES_ERROR;
				CLANG_WARN_QUOTED_INCLUDE_IN_FRAMEWORK_HEADER = YES;
				CLANG_WARN_RANGE_LOOP_ANALYSIS = YES;
				CLANG_WARN_STRICT_PROTOTYPES = YES;
				CLANG_WARN_SUSPICIOUS_MOVE = YES;
				CLANG_WARN_UNGUARDED_AVAILABILITY = YES_AGGRESSIVE;
				CLANG_WARN_UNREACHABLE_CODE = YES;
				CLANG_WARN__DUPLICATE_METHOD_MATCH = YES;
				COPY_PHASE_STRIP = NO;
				DEBUG_INFORMATION_FORMAT = "dwarf-with-dsym";
				ENABLE_NS_ASSERTIONS = NO;
				ENABLE_STRICT_OBJC_MSGSEND = YES;
				ENABLE_USER_SCRIPT_SANDBOXING = YES;
				GCC_C_LANGUAGE_STANDARD = gnu17;
				GCC_NO_COMMON_BLOCKS = YES;
				GCC_WARN_64_TO_32_BIT_CONVERSION = YES;
				GCC_WARN_ABOUT_RETURN_TYPE = YES_ERROR;
				GCC_WARN_UNDECLARED_SELECTOR = YES;
				GCC_WARN_UNINITIALIZED_AUTOS = YES_AGGRESSIVE;
				GCC_WARN_UNUSED_FUNCTION = YES;
				GCC_WARN_UNUSED_VARIABLE = YES;
				IPHONEOS_DEPLOYMENT_TARGET = 17.0;
				LOCALIZATION_PREFERS_STRING_CATALOGS = YES;
				MTL_ENABLE_DEBUG_INFO = NO;
				MTL_FAST_MATH = YES;
				SDKROOT = iphoneos;
				SWIFT_COMPILATION_MODE = wholemodule;
				VALIDATE_PRODUCT = YES;
			};
			name = Release;
		};
		0E17A8482C3582CA00DA8A33 /* Debug */ = {
			isa = XCBuildConfiguration;
			buildSettings = {
				ASSETCATALOG_COMPILER_APPICON_NAME = AppIcon;
				ASSETCATALOG_COMPILER_GLOBAL_ACCENT_COLOR_NAME = AccentColor;
				CODE_SIGN_STYLE = Automatic;
				CURRENT_PROJECT_VERSION = 1;
				DEVELOPMENT_ASSET_PATHS = "\"Pin/Preview Content\"";
				ENABLE_PREVIEWS = YES;
				GENERATE_INFOPLIST_FILE = YES;
				INFOPLIST_KEY_UIApplicationSceneManifest_Generation = YES;
				INFOPLIST_KEY_UIApplicationSupportsIndirectInputEvents = YES;
				INFOPLIST_KEY_UILaunchScreen_Generation = YES;
				INFOPLIST_KEY_UISupportedInterfaceOrientations_iPad = "UIInterfaceOrientationPortrait UIInterfaceOrientationPortraitUpsideDown UIInterfaceOrientationLandscapeLeft UIInterfaceOrientationLandscapeRight";
				INFOPLIST_KEY_UISupportedInterfaceOrientations_iPhone = "UIInterfaceOrientationPortrait UIInterfaceOrientationLandscapeLeft UIInterfaceOrientationLandscapeRight";
				LD_RUNPATH_SEARCH_PATHS = (
					"$(inherited)",
					"@executable_path/Frameworks",
				);
				MARKETING_VERSION = 1.0;
				PRODUCT_BUNDLE_IDENTIFIER = Eu.Pin;
				PRODUCT_NAME = "$(TARGET_NAME)";
				SWIFT_EMIT_LOC_STRINGS = YES;
				SWIFT_VERSION = 5.0;
				TARGETED_DEVICE_FAMILY = "1,2";
			};
			name = Debug;
		};
		0E17A8492C3582CA00DA8A33 /* Release */ = {
			isa = XCBuildConfiguration;
			buildSettings = {
				ASSETCATALOG_COMPILER_APPICON_NAME = AppIcon;
				ASSETCATALOG_COMPILER_GLOBAL_ACCENT_COLOR_NAME = AccentColor;
				CODE_SIGN_STYLE = Automatic;
				CURRENT_PROJECT_VERSION = 1;
				DEVELOPMENT_ASSET_PATHS = "\"Pin/Preview Content\"";
				ENABLE_PREVIEWS = YES;
				GENERATE_INFOPLIST_FILE = YES;
				INFOPLIST_KEY_UIApplicationSceneManifest_Generation = YES;
				INFOPLIST_KEY_UIApplicationSupportsIndirectInputEvents = YES;
				INFOPLIST_KEY_UILaunchScreen_Generation = YES;
				INFOPLIST_KEY_UISupportedInterfaceOrientations_iPad = "UIInterfaceOrientationPortrait UIInterfaceOrientationPortraitUpsideDown UIInterfaceOrientationLandscapeLeft UIInterfaceOrientationLandscapeRight";
				INFOPLIST_KEY_UISupportedInterfaceOrientations_iPhone = "UIInterfaceOrientationPortrait UIInterfaceOrientationLandscapeLeft UIInterfaceOrientationLandscapeRight";
				LD_RUNPATH_SEARCH_PATHS = (
					"$(inherited)",
					"@executable_path/Frameworks",
				);
				MARKETING_VERSION = 1.0;
				PRODUCT_BUNDLE_IDENTIFIER = Eu.Pin;
				PRODUCT_NAME = "$(TARGET_NAME)";
				SWIFT_EMIT_LOC_STRINGS = YES;
				SWIFT_VERSION = 5.0;
				TARGETED_DEVICE_FAMILY = "1,2";
			};
			name = Release;
		};
/* End XCBuildConfiguration section */

/* Begin XCConfigurationList section */
		0E17A8342C3582C900DA8A33 /* Build configuration list for PBXProject "Pin" */ = {
			isa = XCConfigurationList;
			buildConfigurations = (
				0E17A8452C3582CA00DA8A33 /* Debug */,
				0E17A8462C3582CA00DA8A33 /* Release */,
			);
			defaultConfigurationIsVisible = 0;
			defaultConfigurationName = Release;
		};
		0E17A8472C3582CA00DA8A33 /* Build configuration list for PBXNativeTarget "Pin" */ = {
			isa = XCConfigurationList;
			buildConfigurations = (
				0E17A8482C3582CA00DA8A33 /* Debug */,
				0E17A8492C3582CA00DA8A33 /* Release */,
			);
			defaultConfigurationIsVisible = 0;
			defaultConfigurationName = Release;
		};
/* End XCConfigurationList section */

/* Begin XCRemoteSwiftPackageReference section */
		0E6B770E2C5BF2F300B1C275 /* XCRemoteSwiftPackageReference "firebase-ios-sdk" */ = {
			isa = XCRemoteSwiftPackageReference;
			repositoryURL = "https://github.com/firebase/firebase-ios-sdk";
			requirement = {
				kind = upToNextMajorVersion;
				minimumVersion = 11.0.0;
			};
		};
/* End XCRemoteSwiftPackageReference section */

/* Begin XCSwiftPackageProductDependency section */
		0E6B770F2C5BF2F300B1C275 /* FirebaseAnalytics */ = {
			isa = XCSwiftPackageProductDependency;
			package = 0E6B770E2C5BF2F300B1C275 /* XCRemoteSwiftPackageReference "firebase-ios-sdk" */;
			productName = FirebaseAnalytics;
		};
		0E6B77112C5BF2F300B1C275 /* FirebaseAnalyticsOnDeviceConversion */ = {
			isa = XCSwiftPackageProductDependency;
			package = 0E6B770E2C5BF2F300B1C275 /* XCRemoteSwiftPackageReference "firebase-ios-sdk" */;
			productName = FirebaseAnalyticsOnDeviceConversion;
		};
		0E6B77132C5BF2F300B1C275 /* FirebaseAnalyticsWithoutAdIdSupport */ = {
			isa = XCSwiftPackageProductDependency;
			package = 0E6B770E2C5BF2F300B1C275 /* XCRemoteSwiftPackageReference "firebase-ios-sdk" */;
			productName = FirebaseAnalyticsWithoutAdIdSupport;
		};
		0E6B77152C5BF2F300B1C275 /* FirebaseAppCheck */ = {
			isa = XCSwiftPackageProductDependency;
			package = 0E6B770E2C5BF2F300B1C275 /* XCRemoteSwiftPackageReference "firebase-ios-sdk" */;
			productName = FirebaseAppCheck;
		};
		0E6B77172C5BF2F300B1C275 /* FirebaseAppDistribution-Beta */ = {
			isa = XCSwiftPackageProductDependency;
			package = 0E6B770E2C5BF2F300B1C275 /* XCRemoteSwiftPackageReference "firebase-ios-sdk" */;
			productName = "FirebaseAppDistribution-Beta";
		};
		0E6B77192C5BF2F300B1C275 /* FirebaseAuth */ = {
			isa = XCSwiftPackageProductDependency;
			package = 0E6B770E2C5BF2F300B1C275 /* XCRemoteSwiftPackageReference "firebase-ios-sdk" */;
			productName = FirebaseAuth;
		};
		0E6B771B2C5BF2F300B1C275 /* FirebaseAuthCombine-Community */ = {
			isa = XCSwiftPackageProductDependency;
			package = 0E6B770E2C5BF2F300B1C275 /* XCRemoteSwiftPackageReference "firebase-ios-sdk" */;
			productName = "FirebaseAuthCombine-Community";
		};
		0E6B771D2C5BF2F300B1C275 /* FirebaseCrashlytics */ = {
			isa = XCSwiftPackageProductDependency;
			package = 0E6B770E2C5BF2F300B1C275 /* XCRemoteSwiftPackageReference "firebase-ios-sdk" */;
			productName = FirebaseCrashlytics;
		};
		0E6B771F2C5BF2F300B1C275 /* FirebaseDatabase */ = {
			isa = XCSwiftPackageProductDependency;
			package = 0E6B770E2C5BF2F300B1C275 /* XCRemoteSwiftPackageReference "firebase-ios-sdk" */;
			productName = FirebaseDatabase;
		};
		0E6B77212C5BF2F300B1C275 /* FirebaseDynamicLinks */ = {
			isa = XCSwiftPackageProductDependency;
			package = 0E6B770E2C5BF2F300B1C275 /* XCRemoteSwiftPackageReference "firebase-ios-sdk" */;
			productName = FirebaseDynamicLinks;
		};
		0E6B77232C5BF2F300B1C275 /* FirebaseFirestore */ = {
			isa = XCSwiftPackageProductDependency;
			package = 0E6B770E2C5BF2F300B1C275 /* XCRemoteSwiftPackageReference "firebase-ios-sdk" */;
			productName = FirebaseFirestore;
		};
		0E6B77252C5BF2F300B1C275 /* FirebaseFirestoreCombine-Community */ = {
			isa = XCSwiftPackageProductDependency;
			package = 0E6B770E2C5BF2F300B1C275 /* XCRemoteSwiftPackageReference "firebase-ios-sdk" */;
			productName = "FirebaseFirestoreCombine-Community";
		};
		0E6B77272C5BF2F300B1C275 /* FirebaseFunctions */ = {
			isa = XCSwiftPackageProductDependency;
			package = 0E6B770E2C5BF2F300B1C275 /* XCRemoteSwiftPackageReference "firebase-ios-sdk" */;
			productName = FirebaseFunctions;
		};
		0E6B77292C5BF2F300B1C275 /* FirebaseFunctionsCombine-Community */ = {
			isa = XCSwiftPackageProductDependency;
			package = 0E6B770E2C5BF2F300B1C275 /* XCRemoteSwiftPackageReference "firebase-ios-sdk" */;
			productName = "FirebaseFunctionsCombine-Community";
		};
		0E6B772B2C5BF2F300B1C275 /* FirebaseInAppMessaging-Beta */ = {
			isa = XCSwiftPackageProductDependency;
			package = 0E6B770E2C5BF2F300B1C275 /* XCRemoteSwiftPackageReference "firebase-ios-sdk" */;
			productName = "FirebaseInAppMessaging-Beta";
		};
		0E6B772D2C5BF2F300B1C275 /* FirebaseInstallations */ = {
			isa = XCSwiftPackageProductDependency;
			package = 0E6B770E2C5BF2F300B1C275 /* XCRemoteSwiftPackageReference "firebase-ios-sdk" */;
			productName = FirebaseInstallations;
		};
		0E6B772F2C5BF2F400B1C275 /* FirebaseMLModelDownloader */ = {
			isa = XCSwiftPackageProductDependency;
			package = 0E6B770E2C5BF2F300B1C275 /* XCRemoteSwiftPackageReference "firebase-ios-sdk" */;
			productName = FirebaseMLModelDownloader;
		};
		0E6B77312C5BF2F400B1C275 /* FirebaseMessaging */ = {
			isa = XCSwiftPackageProductDependency;
			package = 0E6B770E2C5BF2F300B1C275 /* XCRemoteSwiftPackageReference "firebase-ios-sdk" */;
			productName = FirebaseMessaging;
		};
		0E6B77332C5BF2F400B1C275 /* FirebasePerformance */ = {
			isa = XCSwiftPackageProductDependency;
			package = 0E6B770E2C5BF2F300B1C275 /* XCRemoteSwiftPackageReference "firebase-ios-sdk" */;
			productName = FirebasePerformance;
		};
		0E6B77352C5BF2F400B1C275 /* FirebaseRemoteConfig */ = {
			isa = XCSwiftPackageProductDependency;
			package = 0E6B770E2C5BF2F300B1C275 /* XCRemoteSwiftPackageReference "firebase-ios-sdk" */;
			productName = FirebaseRemoteConfig;
		};
		0E6B77372C5BF2F400B1C275 /* FirebaseStorage */ = {
			isa = XCSwiftPackageProductDependency;
			package = 0E6B770E2C5BF2F300B1C275 /* XCRemoteSwiftPackageReference "firebase-ios-sdk" */;
			productName = FirebaseStorage;
		};
		0E6B77392C5BF2F400B1C275 /* FirebaseStorageCombine-Community */ = {
			isa = XCSwiftPackageProductDependency;
			package = 0E6B770E2C5BF2F300B1C275 /* XCRemoteSwiftPackageReference "firebase-ios-sdk" */;
			productName = "FirebaseStorageCombine-Community";
		};
		0E6B773B2C5BF2F400B1C275 /* FirebaseVertexAI-Preview */ = {
			isa = XCSwiftPackageProductDependency;
			package = 0E6B770E2C5BF2F300B1C275 /* XCRemoteSwiftPackageReference "firebase-ios-sdk" */;
			productName = "FirebaseVertexAI-Preview";
		};
/* End XCSwiftPackageProductDependency section */
	};
	rootObject = 0E17A8312C3582C900DA8A33 /* Project object */;
}
